
Microsoft Visual Studio Solution File, Format Version 12.00
# Visual Studio Version 17
VisualStudioVersion = 17.1.32319.34
MinimumVisualStudioVersion = 10.0.40219.1
Project("{9A19103F-16F7-4668-BE54-9A1E7A4F7556}") = "dajet-data-messaging", "dajet-data-messaging\dajet-data-messaging.csproj", "{0B077AFE-F2E2-4F96-A2C0-C1993685551B}"
EndProject
Project("{9A19103F-16F7-4668-BE54-9A1E7A4F7556}") = "tests", "tests\tests.csproj", "{D93733D4-5AF1-46B5-AE3A-5C258D16B5D9}"
EndProject
Project("{FAE04EC0-301F-11D3-BF4B-00C04F79EFBC}") = "test-app", "test-app\test-app.csproj", "{9DAE5DFB-33E1-45FB-90D1-846023BA7C58}"
EndProject
Global
	GlobalSection(SolutionConfigurationPlatforms) = preSolution
		Debug|Any CPU = Debug|Any CPU
		Release|Any CPU = Release|Any CPU
	EndGlobalSection
	GlobalSection(ProjectConfigurationPlatforms) = postSolution
		{0B077AFE-F2E2-4F96-A2C0-C1993685551B}.Debug|Any CPU.ActiveCfg = Debug|Any CPU
		{0B077AFE-F2E2-4F96-A2C0-C1993685551B}.Debug|Any CPU.Build.0 = Debug|Any CPU
		{0B077AFE-F2E2-4F96-A2C0-C1993685551B}.Release|Any CPU.ActiveCfg = Release|Any CPU
		{0B077AFE-F2E2-4F96-A2C0-C1993685551B}.Release|Any CPU.Build.0 = Release|Any CPU
		{D93733D4-5AF1-46B5-AE3A-5C258D16B5D9}.Debug|Any CPU.ActiveCfg = Debug|Any CPU
		{D93733D4-5AF1-46B5-AE3A-5C258D16B5D9}.Debug|Any CPU.Build.0 = Debug|Any CPU
		{D93733D4-5AF1-46B5-AE3A-5C258D16B5D9}.Release|Any CPU.ActiveCfg = Release|Any CPU
		{D93733D4-5AF1-46B5-AE3A-5C258D16B5D9}.Release|Any CPU.Build.0 = Release|Any CPU
		{9DAE5DFB-33E1-45FB-90D1-846023BA7C58}.Debug|Any CPU.ActiveCfg = Debug|Any CPU
		{9DAE5DFB-33E1-45FB-90D1-846023BA7C58}.Debug|Any CPU.Build.0 = Debug|Any CPU
		{9DAE5DFB-33E1-45FB-90D1-846023BA7C58}.Release|Any CPU.ActiveCfg = Release|Any CPU
		{9DAE5DFB-33E1-45FB-90D1-846023BA7C58}.Release|Any CPU.Build.0 = Release|Any CPU
	EndGlobalSection
	GlobalSection(SolutionProperties) = preSolution
		HideSolutionNode = FALSE
	EndGlobalSection
	GlobalSection(ExtensibilityGlobals) = postSolution
		SolutionGuid = {68D034A7-6658-4DD3-9270-DF0E1B334863}
	EndGlobalSection
EndGlobal
